// !$*UTF8*$!
{
	archiveVersion = 1;
	classes = {
	};
	objectVersion = 46;
	objects = {

/* Begin PBXBuildFile section */
		9256832C2928B37200F035C7 /* UIColor+Hex.swift in Sources */ = {isa = PBXBuildFile; fileRef = 925683192928B37200F035C7 /* UIColor+Hex.swift */; };
		9256832D2928B37200F035C7 /* NativePieChartManager.m in Sources */ = {isa = PBXBuildFile; fileRef = 9256831C2928B37200F035C7 /* NativePieChartManager.m */; };
		9256832E2928B37200F035C7 /* NativePieChartManager.swift in Sources */ = {isa = PBXBuildFile; fileRef = 9256831D2928B37200F035C7 /* NativePieChartManager.swift */; };
		9256832F2928B37200F035C7 /* NativePieChart.swift in Sources */ = {isa = PBXBuildFile; fileRef = 9256831E2928B37200F035C7 /* NativePieChart.swift */; };
		925683302928B37200F035C7 /* OptimisedChart.swift in Sources */ = {isa = PBXBuildFile; fileRef = 9256831F2928B37200F035C7 /* OptimisedChart.swift */; };
		925683312928B37200F035C7 /* NativeHorizontalBarChartManager.swift in Sources */ = {isa = PBXBuildFile; fileRef = 925683212928B37200F035C7 /* NativeHorizontalBarChartManager.swift */; };
		925683322928B37200F035C7 /* NativeHorizontalBarChartManager.m in Sources */ = {isa = PBXBuildFile; fileRef = 925683222928B37200F035C7 /* NativeHorizontalBarChartManager.m */; };
		925683332928B37200F035C7 /* NativeHorizontalBarChart.swift in Sources */ = {isa = PBXBuildFile; fileRef = 925683232928B37200F035C7 /* NativeHorizontalBarChart.swift */; };
		925683342928B37200F035C7 /* NativeLineChart.swift in Sources */ = {isa = PBXBuildFile; fileRef = 925683252928B37200F035C7 /* NativeLineChart.swift */; };
		925683352928B37200F035C7 /* NativeLineChartManager.swift in Sources */ = {isa = PBXBuildFile; fileRef = 925683262928B37200F035C7 /* NativeLineChartManager.swift */; };
		925683362928B37200F035C7 /* NativeLineChartManager.m in Sources */ = {isa = PBXBuildFile; fileRef = 925683272928B37200F035C7 /* NativeLineChartManager.m */; };
		925683372928B37200F035C7 /* NativeBarChartManager.swift in Sources */ = {isa = PBXBuildFile; fileRef = 925683292928B37200F035C7 /* NativeBarChartManager.swift */; };
		925683382928B37200F035C7 /* NativeBarChartManager.m in Sources */ = {isa = PBXBuildFile; fileRef = 9256832A2928B37200F035C7 /* NativeBarChartManager.m */; };
		925683392928B37200F035C7 /* NativeBarChart.swift in Sources */ = {isa = PBXBuildFile; fileRef = 9256832B2928B37200F035C7 /* NativeBarChart.swift */; };
/* End PBXBuildFile section */

/* Begin PBXCopyFilesBuildPhase section */
		58B511D91A9E6C8500147676 /* CopyFiles */ = {
			isa = PBXCopyFilesBuildPhase;
			buildActionMask = 2147483647;
			dstPath = "include/$(PRODUCT_NAME)";
			dstSubfolderSpec = 16;
			files = (
			);
			runOnlyForDeploymentPostprocessing = 0;
		};
/* End PBXCopyFilesBuildPhase section */

/* Begin PBXFileReference section */
		134814201AA4EA6300B7C361 /* libNativeChart.a */ = {isa = PBXFileReference; explicitFileType = archive.ar; includeInIndex = 0; path = libNativeChart.a; sourceTree = BUILT_PRODUCTS_DIR; };
		925683192928B37200F035C7 /* UIColor+Hex.swift */ = {isa = PBXFileReference; fileEncoding = 4; lastKnownFileType = sourcecode.swift; path = "UIColor+Hex.swift"; sourceTree = "<group>"; };
		9256831C2928B37200F035C7 /* NativePieChartManager.m */ = {isa = PBXFileReference; fileEncoding = 4; lastKnownFileType = sourcecode.c.objc; path = NativePieChartManager.m; sourceTree = "<group>"; };
		9256831D2928B37200F035C7 /* NativePieChartManager.swift */ = {isa = PBXFileReference; fileEncoding = 4; lastKnownFileType = sourcecode.swift; path = NativePieChartManager.swift; sourceTree = "<group>"; };
		9256831E2928B37200F035C7 /* NativePieChart.swift */ = {isa = PBXFileReference; fileEncoding = 4; lastKnownFileType = sourcecode.swift; path = NativePieChart.swift; sourceTree = "<group>"; };
		9256831F2928B37200F035C7 /* OptimisedChart.swift */ = {isa = PBXFileReference; fileEncoding = 4; lastKnownFileType = sourcecode.swift; path = OptimisedChart.swift; sourceTree = "<group>"; };
		925683212928B37200F035C7 /* NativeHorizontalBarChartManager.swift */ = {isa = PBXFileReference; fileEncoding = 4; lastKnownFileType = sourcecode.swift; path = NativeHorizontalBarChartManager.swift; sourceTree = "<group>"; };
		925683222928B37200F035C7 /* NativeHorizontalBarChartManager.m */ = {isa = PBXFileReference; fileEncoding = 4; lastKnownFileType = sourcecode.c.objc; path = NativeHorizontalBarChartManager.m; sourceTree = "<group>"; };
		925683232928B37200F035C7 /* NativeHorizontalBarChart.swift */ = {isa = PBXFileReference; fileEncoding = 4; lastKnownFileType = sourcecode.swift; path = NativeHorizontalBarChart.swift; sourceTree = "<group>"; };
		925683252928B37200F035C7 /* NativeLineChart.swift */ = {isa = PBXFileReference; fileEncoding = 4; lastKnownFileType = sourcecode.swift; path = NativeLineChart.swift; sourceTree = "<group>"; };
		925683262928B37200F035C7 /* NativeLineChartManager.swift */ = {isa = PBXFileReference; fileEncoding = 4; lastKnownFileType = sourcecode.swift; path = NativeLineChartManager.swift; sourceTree = "<group>"; };
		925683272928B37200F035C7 /* NativeLineChartManager.m */ = {isa = PBXFileReference; fileEncoding = 4; lastKnownFileType = sourcecode.c.objc; path = NativeLineChartManager.m; sourceTree = "<group>"; };
		925683292928B37200F035C7 /* NativeBarChartManager.swift */ = {isa = PBXFileReference; fileEncoding = 4; lastKnownFileType = sourcecode.swift; path = NativeBarChartManager.swift; sourceTree = "<group>"; };
		9256832A2928B37200F035C7 /* NativeBarChartManager.m */ = {isa = PBXFileReference; fileEncoding = 4; lastKnownFileType = sourcecode.c.objc; path = NativeBarChartManager.m; sourceTree = "<group>"; };
		9256832B2928B37200F035C7 /* NativeBarChart.swift */ = {isa = PBXFileReference; fileEncoding = 4; lastKnownFileType = sourcecode.swift; path = NativeBarChart.swift; sourceTree = "<group>"; };
		F4FF95D5245B92E700C19C63 /* NativeChart-Bridging-Header.h */ = {isa = PBXFileReference; lastKnownFileType = sourcecode.c.h; path = "NativeChart-Bridging-Header.h"; sourceTree = "<group>"; };
/* End PBXFileReference section */

/* Begin PBXFrameworksBuildPhase section */
		58B511D81A9E6C8500147676 /* Frameworks */ = {
			isa = PBXFrameworksBuildPhase;
			buildActionMask = 2147483647;
			files = (
			);
			runOnlyForDeploymentPostprocessing = 0;
		};
/* End PBXFrameworksBuildPhase section */

/* Begin PBXGroup section */
		134814211AA4EA7D00B7C361 /* Products */ = {
			isa = PBXGroup;
			children = (
				134814201AA4EA6300B7C361 /* libNativeChart.a */,
			);
			name = Products;
			sourceTree = "<group>";
		};
		58B511D21A9E6C8500147676 = {
			isa = PBXGroup;
			children = (
				9256831A2928B37200F035C7 /* Charts */,
				925683182928B37200F035C7 /* Utils */,
				F4FF95D5245B92E700C19C63 /* NativeChart-Bridging-Header.h */,
				134814211AA4EA7D00B7C361 /* Products */,
			);
			sourceTree = "<group>";
		};
		925683182928B37200F035C7 /* Utils */ = {
			isa = PBXGroup;
			children = (
				925683192928B37200F035C7 /* UIColor+Hex.swift */,
			);
			path = Utils;
			sourceTree = "<group>";
		};
		9256831A2928B37200F035C7 /* Charts */ = {
			isa = PBXGroup;
			children = (
				9256831B2928B37200F035C7 /* Pie */,
				9256831F2928B37200F035C7 /* OptimisedChart.swift */,
				925683202928B37200F035C7 /* HorizontalBar */,
				925683242928B37200F035C7 /* Line */,
				925683282928B37200F035C7 /* Bar */,
			);
			path = Charts;
			sourceTree = "<group>";
		};
		9256831B2928B37200F035C7 /* Pie */ = {
			isa = PBXGroup;
			children = (
				9256831C2928B37200F035C7 /* NativePieChartManager.m */,
				9256831D2928B37200F035C7 /* NativePieChartManager.swift */,
				9256831E2928B37200F035C7 /* NativePieChart.swift */,
			);
			path = Pie;
			sourceTree = "<group>";
		};
		925683202928B37200F035C7 /* HorizontalBar */ = {
			isa = PBXGroup;
			children = (
				925683212928B37200F035C7 /* NativeHorizontalBarChartManager.swift */,
				925683222928B37200F035C7 /* NativeHorizontalBarChartManager.m */,
				925683232928B37200F035C7 /* NativeHorizontalBarChart.swift */,
			);
			path = HorizontalBar;
			sourceTree = "<group>";
		};
		925683242928B37200F035C7 /* Line */ = {
			isa = PBXGroup;
			children = (
				925683252928B37200F035C7 /* NativeLineChart.swift */,
				925683262928B37200F035C7 /* NativeLineChartManager.swift */,
				925683272928B37200F035C7 /* NativeLineChartManager.m */,
			);
			path = Line;
			sourceTree = "<group>";
		};
		925683282928B37200F035C7 /* Bar */ = {
			isa = PBXGroup;
			children = (
				925683292928B37200F035C7 /* NativeBarChartManager.swift */,
				9256832A2928B37200F035C7 /* NativeBarChartManager.m */,
				9256832B2928B37200F035C7 /* NativeBarChart.swift */,
			);
			path = Bar;
			sourceTree = "<group>";
		};
/* End PBXGroup section */

/* Begin PBXNativeTarget section */
		58B511DA1A9E6C8500147676 /* NativeChart */ = {
			isa = PBXNativeTarget;
			buildConfigurationList = 58B511EF1A9E6C8500147676 /* Build configuration list for PBXNativeTarget "NativeChart" */;
			buildPhases = (
				58B511D71A9E6C8500147676 /* Sources */,
				58B511D81A9E6C8500147676 /* Frameworks */,
				58B511D91A9E6C8500147676 /* CopyFiles */,
			);
			buildRules = (
			);
			dependencies = (
			);
			name = NativeChart;
			productName = RCTDataManager;
			productReference = 134814201AA4EA6300B7C361 /* libNativeChart.a */;
			productType = "com.apple.product-type.library.static";
		};
/* End PBXNativeTarget section */

/* Begin PBXProject section */
		58B511D31A9E6C8500147676 /* Project object */ = {
			isa = PBXProject;
			attributes = {
				LastUpgradeCheck = 0920;
				ORGANIZATIONNAME = Facebook;
				TargetAttributes = {
					58B511DA1A9E6C8500147676 = {
						CreatedOnToolsVersion = 6.1.1;
					};
				};
			};
			buildConfigurationList = 58B511D61A9E6C8500147676 /* Build configuration list for PBXProject "NativeChart" */;
			compatibilityVersion = "Xcode 3.2";
			developmentRegion = English;
			hasScannedForEncodings = 0;
			knownRegions = (
				English,
				en,
			);
			mainGroup = 58B511D21A9E6C8500147676;
			productRefGroup = 58B511D21A9E6C8500147676;
			projectDirPath = "";
			projectRoot = "";
			targets = (
				58B511DA1A9E6C8500147676 /* NativeChart */,
			);
		};
/* End PBXProject section */

/* Begin PBXSourcesBuildPhase section */
		58B511D71A9E6C8500147676 /* Sources */ = {
			isa = PBXSourcesBuildPhase;
			buildActionMask = 2147483647;
			files = (
				9256832D2928B37200F035C7 /* NativePieChartManager.m in Sources */,
				925683392928B37200F035C7 /* NativeBarChart.swift in Sources */,
				925683332928B37200F035C7 /* NativeHorizontalBarChart.swift in Sources */,
				9256832C2928B37200F035C7 /* UIColor+Hex.swift in Sources */,
				925683372928B37200F035C7 /* NativeBarChartManager.swift in Sources */,
				9256832F2928B37200F035C7 /* NativePieChart.swift in Sources */,
				925683382928B37200F035C7 /* NativeBarChartManager.m in Sources */,
				925683362928B37200F035C7 /* NativeLineChartManager.m in Sources */,
				925683342928B37200F035C7 /* NativeLineChart.swift in Sources */,
				925683312928B37200F035C7 /* NativeHorizontalBarChartManager.swift in Sources */,
				925683302928B37200F035C7 /* OptimisedChart.swift in Sources */,
				925683352928B37200F035C7 /* NativeLineChartManager.swift in Sources */,
				9256832E2928B37200F035C7 /* NativePieChartManager.swift in Sources */,
				925683322928B37200F035C7 /* NativeHorizontalBarChartManager.m in Sources */,
			);
			runOnlyForDeploymentPostprocessing = 0;
		};
/* End PBXSourcesBuildPhase section */

/* Begin XCBuildConfiguration section */
		58B511ED1A9E6C8500147676 /* Debug */ = {
			isa = XCBuildConfiguration;
			buildSettings = {
				ALWAYS_SEARCH_USER_PATHS = NO;
				CLANG_CXX_LANGUAGE_STANDARD = "gnu++0x";
				CLANG_CXX_LIBRARY = "libc++";
				CLANG_ENABLE_MODULES = YES;
				CLANG_ENABLE_OBJC_ARC = YES;
				CLANG_WARN_BLOCK_CAPTURE_AUTORELEASING = YES;
				CLANG_WARN_BOOL_CONVERSION = YES;
				CLANG_WARN_COMMA = YES;
				CLANG_WARN_CONSTANT_CONVERSION = YES;
				CLANG_WARN_DIRECT_OBJC_ISA_USAGE = YES_ERROR;
				CLANG_WARN_EMPTY_BODY = YES;
				CLANG_WARN_ENUM_CONVERSION = YES;
				CLANG_WARN_INFINITE_RECURSION = YES;
				CLANG_WARN_INT_CONVERSION = YES;
				CLANG_WARN_NON_LITERAL_NULL_CONVERSION = YES;
				CLANG_WARN_OBJC_LITERAL_CONVERSION = YES;
				CLANG_WARN_OBJC_ROOT_CLASS = YES_ERROR;
				CLANG_WARN_RANGE_LOOP_ANALYSIS = YES;
				CLANG_WARN_STRICT_PROTOTYPES = YES;
				CLANG_WARN_SUSPICIOUS_MOVE = YES;
				CLANG_WARN_UNREACHABLE_CODE = YES;
				CLANG_WARN__DUPLICATE_METHOD_MATCH = YES;
				COPY_PHASE_STRIP = NO;
				ENABLE_STRICT_OBJC_MSGSEND = YES;
				ENABLE_TESTABILITY = YES;
				"EXCLUDED_ARCHS[sdk=*]" = arm64;
				GCC_C_LANGUAGE_STANDARD = gnu99;
				GCC_DYNAMIC_NO_PIC = NO;
				GCC_NO_COMMON_BLOCKS = YES;
				GCC_OPTIMIZATION_LEVEL = 0;
				GCC_PREPROCESSOR_DEFINITIONS = (
					"DEBUG=1",
					"$(inherited)",
				);
				GCC_SYMBOLS_PRIVATE_EXTERN = NO;
				GCC_WARN_64_TO_32_BIT_CONVERSION = YES;
				GCC_WARN_ABOUT_RETURN_TYPE = YES_ERROR;
				GCC_WARN_UNDECLARED_SELECTOR = YES;
				GCC_WARN_UNINITIALIZED_AUTOS = YES_AGGRESSIVE;
				GCC_WARN_UNUSED_FUNCTION = YES;
				GCC_WARN_UNUSED_VARIABLE = YES;
				IPHONEOS_DEPLOYMENT_TARGET = 15.0;
				MTL_ENABLE_DEBUG_INFO = YES;
				ONLY_ACTIVE_ARCH = YES;
				SDKROOT = iphoneos;
			};
			name = Debug;
		};
		58B511EE1A9E6C8500147676 /* Release */ = {
			isa = XCBuildConfiguration;
			buildSettings = {
				ALWAYS_SEARCH_USER_PATHS = NO;
				CLANG_CXX_LANGUAGE_STANDARD = "gnu++0x";
				CLANG_CXX_LIBRARY = "libc++";
				CLANG_ENABLE_MODULES = YES;
				CLANG_ENABLE_OBJC_ARC = YES;
				CLANG_WARN_BLOCK_CAPTURE_AUTORELEASING = YES;
				CLANG_WARN_BOOL_CONVERSION = YES;
				CLANG_WARN_COMMA = YES;
				CLANG_WARN_CONSTANT_CONVERSION = YES;
				CLANG_WARN_DIRECT_OBJC_ISA_USAGE = YES_ERROR;
				CLANG_WARN_EMPTY_BODY = YES;
				CLANG_WARN_ENUM_CONVERSION = YES;
				CLANG_WARN_INFINITE_RECURSION = YES;
				CLANG_WARN_INT_CONVERSION = YES;
				CLANG_WARN_NON_LITERAL_NULL_CONVERSION = YES;
				CLANG_WARN_OBJC_LITERAL_CONVERSION = YES;
				CLANG_WARN_OBJC_ROOT_CLASS = YES_ERROR;
				CLANG_WARN_RANGE_LOOP_ANALYSIS = YES;
				CLANG_WARN_STRICT_PROTOTYPES = YES;
				CLANG_WARN_SUSPICIOUS_MOVE = YES;
				CLANG_WARN_UNREACHABLE_CODE = YES;
				CLANG_WARN__DUPLICATE_METHOD_MATCH = YES;
				COPY_PHASE_STRIP = YES;
				ENABLE_NS_ASSERTIONS = NO;
				ENABLE_STRICT_OBJC_MSGSEND = YES;
				"EXCLUDED_ARCHS[sdk=*]" = arm64;
				GCC_C_LANGUAGE_STANDARD = gnu99;
				GCC_NO_COMMON_BLOCKS = YES;
				GCC_WARN_64_TO_32_BIT_CONVERSION = YES;
				GCC_WARN_ABOUT_RETURN_TYPE = YES_ERROR;
				GCC_WARN_UNDECLARED_SELECTOR = YES;
				GCC_WARN_UNINITIALIZED_AUTOS = YES_AGGRESSIVE;
				GCC_WARN_UNUSED_FUNCTION = YES;
				GCC_WARN_UNUSED_VARIABLE = YES;
				IPHONEOS_DEPLOYMENT_TARGET = 15.0;
				MTL_ENABLE_DEBUG_INFO = NO;
				SDKROOT = iphoneos;
				VALIDATE_PRODUCT = YES;
			};
			name = Release;
		};
		58B511F01A9E6C8500147676 /* Debug */ = {
			isa = XCBuildConfiguration;
			buildSettings = {
				HEADER_SEARCH_PATHS = (
					"$(inherited)",
					/Applications/Xcode.app/Contents/Developer/Toolchains/XcodeDefault.xctoolchain/usr/include,
					"$(SRCROOT)/../../../React/**",
					"$(SRCROOT)/../../react-native/React/**",
				);
				LIBRARY_SEARCH_PATHS = "$(inherited)";
				OTHER_LDFLAGS = "-ObjC";
				PRODUCT_NAME = NativeChart;
				SKIP_INSTALL = YES;
				SWIFT_OBJC_BRIDGING_HEADER = "NativeChart-Bridging-Header.h";
				SWIFT_OPTIMIZATION_LEVEL = "-Onone";
				SWIFT_VERSION = 5.0;
			};
			name = Debug;
		};
		58B511F11A9E6C8500147676 /* Release */ = {
			isa = XCBuildConfiguration;
			buildSettings = {
				HEADER_SEARCH_PATHS = (
					"$(inherited)",
					/Applications/Xcode.app/Contents/Developer/Toolchains/XcodeDefault.xctoolchain/usr/include,
					"$(SRCROOT)/../../../React/**",
					"$(SRCROOT)/../../react-native/React/**",
				);
				LIBRARY_SEARCH_PATHS = "$(inherited)";
				OTHER_LDFLAGS = "-ObjC";
				PRODUCT_NAME = NativeChart;
				SKIP_INSTALL = YES;
				SWIFT_OBJC_BRIDGING_HEADER = "NativeChart-Bridging-Header.h";
				SWIFT_VERSION = 5.0;
			};
			name = Release;
		};
/* End XCBuildConfiguration section */

/* Begin XCConfigurationList section */
		58B511D61A9E6C8500147676 /* Build configuration list for PBXProject "NativeChart" */ = {
			isa = XCConfigurationList;
			buildConfigurations = (
				58B511ED1A9E6C8500147676 /* Debug */,
				58B511EE1A9E6C8500147676 /* Release */,
			);
			defaultConfigurationIsVisible = 0;
			defaultConfigurationName = Release;
		};
		58B511EF1A9E6C8500147676 /* Build configuration list for PBXNativeTarget "NativeChart" */ = {
			isa = XCConfigurationList;
			buildConfigurations = (
				58B511F01A9E6C8500147676 /* Debug */,
				58B511F11A9E6C8500147676 /* Release */,
			);
			defaultConfigurationIsVisible = 0;
			defaultConfigurationName = Release;
		};
/* End XCConfigurationList section */
	};
	rootObject = 58B511D31A9E6C8500147676 /* Project object */;
}
